
Microsoft Visual Studio Solution File, Format Version 12.00
# Visual Studio 14
VisualStudioVersion = 14.0.24720.0
MinimumVisualStudioVersion = 10.0.40219.1
Project("{FAE04EC0-301F-11D3-BF4B-00C04F79EFBC}") = "PlayBoxMonitor", "MonkeyPlayMonitor\PlayBoxMonitor.csproj", "{FAE472F8-A3C7-429C-8C06-E5F8DA8BA7A0}"
EndProject
Project("{FAE04EC0-301F-11D3-BF4B-00C04F79EFBC}") = "PlayBoxInteractiveReportViewer", "PlayBoxInteractiveReportViewer\PlayBoxInteractiveReportViewer.csproj", "{9BD0BE1B-E66A-4F7E-8979-46974D543254}"
EndProject
Project("{FAE04EC0-301F-11D3-BF4B-00C04F79EFBC}") = "PlayBoxSharedLibrary", "PlayBoxSharedLibrary\PlayBoxSharedLibrary.csproj", "{B0C838FA-188C-42F3-98C4-FEAF9196A48C}"
EndProject
Project("{FAE04EC0-301F-11D3-BF4B-00C04F79EFBC}") = "PlayBoxReportGenerator", "PlayBoxReportGenerator\PlayBoxReportGenerator.csproj", "{A9E1A97C-76E5-4942-B816-94D6110C64B8}"
EndProject
Global
	GlobalSection(SolutionConfigurationPlatforms) = preSolution
		Debug|Any CPU = Debug|Any CPU
		Release|Any CPU = Release|Any CPU
	EndGlobalSection
	GlobalSection(ProjectConfigurationPlatforms) = postSolution
		{FAE472F8-A3C7-429C-8C06-E5F8DA8BA7A0}.Debug|Any CPU.ActiveCfg = Debug|Any CPU
		{FAE472F8-A3C7-429C-8C06-E5F8DA8BA7A0}.Debug|Any CPU.Build.0 = Debug|Any CPU
		{FAE472F8-A3C7-429C-8C06-E5F8DA8BA7A0}.Release|Any CPU.ActiveCfg = Release|Any CPU
		{FAE472F8-A3C7-429C-8C06-E5F8DA8BA7A0}.Release|Any CPU.Build.0 = Release|Any CPU
		{9BD0BE1B-E66A-4F7E-8979-46974D543254}.Debug|Any CPU.ActiveCfg = Debug|Any CPU
		{9BD0BE1B-E66A-4F7E-8979-46974D543254}.Debug|Any CPU.Build.0 = Debug|Any CPU
		{9BD0BE1B-E66A-4F7E-8979-46974D543254}.Release|Any CPU.ActiveCfg = Release|Any CPU
		{9BD0BE1B-E66A-4F7E-8979-46974D543254}.Release|Any CPU.Build.0 = Release|Any CPU
		{B0C838FA-188C-42F3-98C4-FEAF9196A48C}.Debug|Any CPU.ActiveCfg = Debug|Any CPU
		{B0C838FA-188C-42F3-98C4-FEAF9196A48C}.Debug|Any CPU.Build.0 = Debug|Any CPU
		{B0C838FA-188C-42F3-98C4-FEAF9196A48C}.Release|Any CPU.ActiveCfg = Release|Any CPU
		{B0C838FA-188C-42F3-98C4-FEAF9196A48C}.Release|Any CPU.Build.0 = Release|Any CPU
		{A9E1A97C-76E5-4942-B816-94D6110C64B8}.Debug|Any CPU.ActiveCfg = Debug|Any CPU
		{A9E1A97C-76E5-4942-B816-94D6110C64B8}.Debug|Any CPU.Build.0 = Debug|Any CPU
		{A9E1A97C-76E5-4942-B816-94D6110C64B8}.Release|Any CPU.ActiveCfg = Release|Any CPU
		{A9E1A97C-76E5-4942-B816-94D6110C64B8}.Release|Any CPU.Build.0 = Release|Any CPU
	EndGlobalSection
	GlobalSection(SolutionProperties) = preSolution
		HideSolutionNode = FALSE
	EndGlobalSection
EndGlobal
